// !$*UTF8*$!
{
	archiveVersion = 1;
	classes = {
	};
	objectVersion = 46;
	objects = {

/* Begin PBXBuildFile section */
		393F9EF119D096E000603A02 /* Common.framework in Frameworks */ = {isa = PBXBuildFile; fileRef = 393F9EE019D096E000603A02 /* Common.framework */; };
		393F9EF219D096E000603A02 /* ContextCore.framework in Frameworks */ = {isa = PBXBuildFile; fileRef = 393F9EE319D096E000603A02 /* ContextCore.framework */; };
		393F9EF319D096E000603A02 /* ContextLocation.framework in Frameworks */ = {isa = PBXBuildFile; fileRef = 393F9EE619D096E000603A02 /* ContextLocation.framework */; };
		393F9EF419D096E000603A02 /* DataModels.bundle in Resources */ = {isa = PBXBuildFile; fileRef = 393F9EE819D096E000603A02 /* DataModels.bundle */; };
		393F9EF519D096E000603A02 /* ContextProfiling.framework in Frameworks */ = {isa = PBXBuildFile; fileRef = 393F9EEA19D096E000603A02 /* ContextProfiling.framework */; };
		393F9EF619D096E000603A02 /* rules.txt in Resources */ = {isa = PBXBuildFile; fileRef = 393F9EEC19D096E000603A02 /* rules.txt */; };
		393F9EF719D096E000603A02 /* FYX.framework in Frameworks */ = {isa = PBXBuildFile; fileRef = 393F9EED19D096E000603A02 /* FYX.framework */; };
		393F9EF819D096E000603A02 /* NetworkServices.framework in Frameworks */ = {isa = PBXBuildFile; fileRef = 393F9EEF19D096E000603A02 /* NetworkServices.framework */; };
		39A407331995874C003EF46F /* DS-iOS7_AppIcons_120 x 120.png in Resources */ = {isa = PBXBuildFile; fileRef = 39A4072F1995874C003EF46F /* DS-iOS7_AppIcons_120 x 120.png */; };
		39A4074419994DE6003EF46F /* CoreTelephony.framework in Frameworks */ = {isa = PBXBuildFile; fileRef = 39A4074319994DE6003EF46F /* CoreTelephony.framework */; };
		39A4074619994DF8003EF46F /* AdSupport.framework in Frameworks */ = {isa = PBXBuildFile; fileRef = 39A4074519994DF8003EF46F /* AdSupport.framework */; };
		39A7257E1994438C00F23812 /* Foundation.framework in Frameworks */ = {isa = PBXBuildFile; fileRef = 39A7257D1994438C00F23812 /* Foundation.framework */; };
		39A725801994438C00F23812 /* CoreGraphics.framework in Frameworks */ = {isa = PBXBuildFile; fileRef = 39A7257F1994438C00F23812 /* CoreGraphics.framework */; };
		39A725821994438C00F23812 /* UIKit.framework in Frameworks */ = {isa = PBXBuildFile; fileRef = 39A725811994438C00F23812 /* UIKit.framework */; };
		39A725881994438C00F23812 /* InfoPlist.strings in Resources */ = {isa = PBXBuildFile; fileRef = 39A725861994438C00F23812 /* InfoPlist.strings */; };
		39A7258A1994438C00F23812 /* main.m in Sources */ = {isa = PBXBuildFile; fileRef = 39A725891994438C00F23812 /* main.m */; };
		39A7258E1994438C00F23812 /* AppDelegate.m in Sources */ = {isa = PBXBuildFile; fileRef = 39A7258D1994438C00F23812 /* AppDelegate.m */; };
		39A725911994438C00F23812 /* Main.storyboard in Resources */ = {isa = PBXBuildFile; fileRef = 39A7258F1994438C00F23812 /* Main.storyboard */; };
		39A725941994438C00F23812 /* ViewController.m in Sources */ = {isa = PBXBuildFile; fileRef = 39A725931994438C00F23812 /* ViewController.m */; };
		39A725961994438C00F23812 /* Images.xcassets in Resources */ = {isa = PBXBuildFile; fileRef = 39A725951994438C00F23812 /* Images.xcassets */; };
		39A7259D1994438C00F23812 /* XCTest.framework in Frameworks */ = {isa = PBXBuildFile; fileRef = 39A7259C1994438C00F23812 /* XCTest.framework */; };
		39A7259E1994438C00F23812 /* Foundation.framework in Frameworks */ = {isa = PBXBuildFile; fileRef = 39A7257D1994438C00F23812 /* Foundation.framework */; };
		39A7259F1994438C00F23812 /* UIKit.framework in Frameworks */ = {isa = PBXBuildFile; fileRef = 39A725811994438C00F23812 /* UIKit.framework */; };
		39A725A71994438C00F23812 /* InfoPlist.strings in Resources */ = {isa = PBXBuildFile; fileRef = 39A725A51994438C00F23812 /* InfoPlist.strings */; };
		39A725A91994438C00F23812 /* gimbalDemoTests.m in Sources */ = {isa = PBXBuildFile; fileRef = 39A725A81994438C00F23812 /* gimbalDemoTests.m */; };
		39A725B3199443BD00F23812 /* CoreBluetooth.framework in Frameworks */ = {isa = PBXBuildFile; fileRef = 39A725B2199443BD00F23812 /* CoreBluetooth.framework */; };
		39A725B5199443C300F23812 /* CoreLocation.framework in Frameworks */ = {isa = PBXBuildFile; fileRef = 39A725B4199443C300F23812 /* CoreLocation.framework */; };
		39A725B7199443CA00F23812 /* CoreData.framework in Frameworks */ = {isa = PBXBuildFile; fileRef = 39A725B6199443CA00F23812 /* CoreData.framework */; };
		39A725B9199443D000F23812 /* libz.dylib in Frameworks */ = {isa = PBXBuildFile; fileRef = 39A725B8199443D000F23812 /* libz.dylib */; };
		39A725BB199443D600F23812 /* MapKit.framework in Frameworks */ = {isa = PBXBuildFile; fileRef = 39A725BA199443D600F23812 /* MapKit.framework */; };
		39A725BD199443DC00F23812 /* Security.framework in Frameworks */ = {isa = PBXBuildFile; fileRef = 39A725BC199443DC00F23812 /* Security.framework */; };
		39A725D91994445700F23812 /* UserContext.plist in Resources */ = {isa = PBXBuildFile; fileRef = 39A725D81994445700F23812 /* UserContext.plist */; };
		39F263F719FF1729000165C7 /* libDataSnapClient.a in Frameworks */ = {isa = PBXBuildFile; fileRef = 3921CDF319F20B44001EE007 /* libDataSnapClient.a */; };
/* End PBXBuildFile section */

/* Begin PBXContainerItemProxy section */
		3921CDF219F20B44001EE007 /* PBXContainerItemProxy */ = {
			isa = PBXContainerItemProxy;
			containerPortal = 3921CDED19F20B44001EE007 /* DataSnapClient.xcodeproj */;
			proxyType = 2;
			remoteGlobalIDString = 39FAE3B119894EA300709B62;
			remoteInfo = DataSnapClient;
		};
		39A725A01994438C00F23812 /* PBXContainerItemProxy */ = {
			isa = PBXContainerItemProxy;
			containerPortal = 39A725721994438C00F23812 /* Project object */;
			proxyType = 1;
			remoteGlobalIDString = 39A725791994438C00F23812;
			remoteInfo = gimbalDemo;
		};
		39D82BA019FF12D90063DB43 /* PBXContainerItemProxy */ = {
			isa = PBXContainerItemProxy;
			containerPortal = 3921CDED19F20B44001EE007 /* DataSnapClient.xcodeproj */;
			proxyType = 1;
			remoteGlobalIDString = 39FAE3B019894EA300709B62;
			remoteInfo = DataSnapClient;
		};
/* End PBXContainerItemProxy section */

/* Begin PBXFileReference section */
		3921CDED19F20B44001EE007 /* DataSnapClient.xcodeproj */ = {isa = PBXFileReference; lastKnownFileType = "wrapper.pb-project"; name = DataSnapClient.xcodeproj; path = "../iOS-SDK/DataSnapClient.xcodeproj"; sourceTree = "<group>"; };
		393F9EE019D096E000603A02 /* Common.framework */ = {isa = PBXFileReference; lastKnownFileType = wrapper.framework; path = Common.framework; sourceTree = "<group>"; };
		393F9EE319D096E000603A02 /* ContextCore.framework */ = {isa = PBXFileReference; lastKnownFileType = wrapper.framework; path = ContextCore.framework; sourceTree = "<group>"; };
		393F9EE619D096E000603A02 /* ContextLocation.framework */ = {isa = PBXFileReference; lastKnownFileType = wrapper.framework; path = ContextLocation.framework; sourceTree = "<group>"; };
		393F9EE819D096E000603A02 /* DataModels.bundle */ = {isa = PBXFileReference; lastKnownFileType = "wrapper.plug-in"; path = DataModels.bundle; sourceTree = "<group>"; };
		393F9EEA19D096E000603A02 /* ContextProfiling.framework */ = {isa = PBXFileReference; lastKnownFileType = wrapper.framework; path = ContextProfiling.framework; sourceTree = "<group>"; };
		393F9EEC19D096E000603A02 /* rules.txt */ = {isa = PBXFileReference; fileEncoding = 4; lastKnownFileType = text; path = rules.txt; sourceTree = "<group>"; };
		393F9EED19D096E000603A02 /* FYX.framework */ = {isa = PBXFileReference; lastKnownFileType = wrapper.framework; name = FYX.framework; path = Frameworks/FYX.framework; sourceTree = "<group>"; };
		393F9EEF19D096E000603A02 /* NetworkServices.framework */ = {isa = PBXFileReference; lastKnownFileType = wrapper.framework; path = NetworkServices.framework; sourceTree = "<group>"; };
		39A4072F1995874C003EF46F /* DS-iOS7_AppIcons_120 x 120.png */ = {isa = PBXFileReference; lastKnownFileType = image.png; path = "DS-iOS7_AppIcons_120 x 120.png"; sourceTree = "<group>"; };
		39A4074319994DE6003EF46F /* CoreTelephony.framework */ = {isa = PBXFileReference; lastKnownFileType = wrapper.framework; name = CoreTelephony.framework; path = System/Library/Frameworks/CoreTelephony.framework; sourceTree = SDKROOT; };
		39A4074519994DF8003EF46F /* AdSupport.framework */ = {isa = PBXFileReference; lastKnownFileType = wrapper.framework; name = AdSupport.framework; path = System/Library/Frameworks/AdSupport.framework; sourceTree = SDKROOT; };
		39A7257A1994438C00F23812 /* gimbalDemo.app */ = {isa = PBXFileReference; explicitFileType = wrapper.application; includeInIndex = 0; path = gimbalDemo.app; sourceTree = BUILT_PRODUCTS_DIR; };
		39A7257D1994438C00F23812 /* Foundation.framework */ = {isa = PBXFileReference; lastKnownFileType = wrapper.framework; name = Foundation.framework; path = System/Library/Frameworks/Foundation.framework; sourceTree = SDKROOT; };
		39A7257F1994438C00F23812 /* CoreGraphics.framework */ = {isa = PBXFileReference; lastKnownFileType = wrapper.framework; name = CoreGraphics.framework; path = System/Library/Frameworks/CoreGraphics.framework; sourceTree = SDKROOT; };
		39A725811994438C00F23812 /* UIKit.framework */ = {isa = PBXFileReference; lastKnownFileType = wrapper.framework; name = UIKit.framework; path = System/Library/Frameworks/UIKit.framework; sourceTree = SDKROOT; };
		39A725851994438C00F23812 /* gimbalDemo-Info.plist */ = {isa = PBXFileReference; lastKnownFileType = text.plist.xml; path = "gimbalDemo-Info.plist"; sourceTree = "<group>"; };
		39A725871994438C00F23812 /* en */ = {isa = PBXFileReference; lastKnownFileType = text.plist.strings; name = en; path = en.lproj/InfoPlist.strings; sourceTree = "<group>"; };
		39A725891994438C00F23812 /* main.m */ = {isa = PBXFileReference; lastKnownFileType = sourcecode.c.objc; path = main.m; sourceTree = "<group>"; };
		39A7258B1994438C00F23812 /* gimbalDemo-Prefix.pch */ = {isa = PBXFileReference; lastKnownFileType = sourcecode.c.h; path = "gimbalDemo-Prefix.pch"; sourceTree = "<group>"; };
		39A7258C1994438C00F23812 /* AppDelegate.h */ = {isa = PBXFileReference; lastKnownFileType = sourcecode.c.h; path = AppDelegate.h; sourceTree = "<group>"; };
		39A7258D1994438C00F23812 /* AppDelegate.m */ = {isa = PBXFileReference; lastKnownFileType = sourcecode.c.objc; path = AppDelegate.m; sourceTree = "<group>"; };
		39A725901994438C00F23812 /* Base */ = {isa = PBXFileReference; lastKnownFileType = file.storyboard; name = Base; path = Base.lproj/Main.storyboard; sourceTree = "<group>"; };
		39A725921994438C00F23812 /* ViewController.h */ = {isa = PBXFileReference; lastKnownFileType = sourcecode.c.h; path = ViewController.h; sourceTree = "<group>"; };
		39A725931994438C00F23812 /* ViewController.m */ = {isa = PBXFileReference; lastKnownFileType = sourcecode.c.objc; lineEnding = 0; path = ViewController.m; sourceTree = "<group>"; xcLanguageSpecificationIdentifier = xcode.lang.objc; };
		39A725951994438C00F23812 /* Images.xcassets */ = {isa = PBXFileReference; lastKnownFileType = folder.assetcatalog; path = Images.xcassets; sourceTree = "<group>"; };
		39A7259B1994438C00F23812 /* gimbalDemoTests.xctest */ = {isa = PBXFileReference; explicitFileType = wrapper.cfbundle; includeInIndex = 0; path = gimbalDemoTests.xctest; sourceTree = BUILT_PRODUCTS_DIR; };
		39A7259C1994438C00F23812 /* XCTest.framework */ = {isa = PBXFileReference; lastKnownFileType = wrapper.framework; name = XCTest.framework; path = Library/Frameworks/XCTest.framework; sourceTree = DEVELOPER_DIR; };
		39A725A41994438C00F23812 /* gimbalDemoTests-Info.plist */ = {isa = PBXFileReference; lastKnownFileType = text.plist.xml; path = "gimbalDemoTests-Info.plist"; sourceTree = "<group>"; };
		39A725A61994438C00F23812 /* en */ = {isa = PBXFileReference; lastKnownFileType = text.plist.strings; name = en; path = en.lproj/InfoPlist.strings; sourceTree = "<group>"; };
		39A725A81994438C00F23812 /* gimbalDemoTests.m */ = {isa = PBXFileReference; lastKnownFileType = sourcecode.c.objc; path = gimbalDemoTests.m; sourceTree = "<group>"; };
		39A725B2199443BD00F23812 /* CoreBluetooth.framework */ = {isa = PBXFileReference; lastKnownFileType = wrapper.framework; name = CoreBluetooth.framework; path = System/Library/Frameworks/CoreBluetooth.framework; sourceTree = SDKROOT; };
		39A725B4199443C300F23812 /* CoreLocation.framework */ = {isa = PBXFileReference; lastKnownFileType = wrapper.framework; name = CoreLocation.framework; path = System/Library/Frameworks/CoreLocation.framework; sourceTree = SDKROOT; };
		39A725B6199443CA00F23812 /* CoreData.framework */ = {isa = PBXFileReference; lastKnownFileType = wrapper.framework; name = CoreData.framework; path = System/Library/Frameworks/CoreData.framework; sourceTree = SDKROOT; };
		39A725B8199443D000F23812 /* libz.dylib */ = {isa = PBXFileReference; lastKnownFileType = "compiled.mach-o.dylib"; name = libz.dylib; path = usr/lib/libz.dylib; sourceTree = SDKROOT; };
		39A725BA199443D600F23812 /* MapKit.framework */ = {isa = PBXFileReference; lastKnownFileType = wrapper.framework; name = MapKit.framework; path = System/Library/Frameworks/MapKit.framework; sourceTree = SDKROOT; };
		39A725BC199443DC00F23812 /* Security.framework */ = {isa = PBXFileReference; lastKnownFileType = wrapper.framework; name = Security.framework; path = System/Library/Frameworks/Security.framework; sourceTree = SDKROOT; };
		39A725D81994445700F23812 /* UserContext.plist */ = {isa = PBXFileReference; fileEncoding = 4; lastKnownFileType = text.plist.xml; path = UserContext.plist; sourceTree = "<group>"; };
/* End PBXFileReference section */

/* Begin PBXFrameworksBuildPhase section */
		39A725771994438C00F23812 /* Frameworks */ = {
			isa = PBXFrameworksBuildPhase;
			buildActionMask = 2147483647;
			files = (
				39F263F719FF1729000165C7 /* libDataSnapClient.a in Frameworks */,
				393F9EF319D096E000603A02 /* ContextLocation.framework in Frameworks */,
				393F9EF819D096E000603A02 /* NetworkServices.framework in Frameworks */,
				39A4074619994DF8003EF46F /* AdSupport.framework in Frameworks */,
				39A4074419994DE6003EF46F /* CoreTelephony.framework in Frameworks */,
				393F9EF719D096E000603A02 /* FYX.framework in Frameworks */,
				393F9EF219D096E000603A02 /* ContextCore.framework in Frameworks */,
				393F9EF519D096E000603A02 /* ContextProfiling.framework in Frameworks */,
				39A725BD199443DC00F23812 /* Security.framework in Frameworks */,
				39A725BB199443D600F23812 /* MapKit.framework in Frameworks */,
				39A725B9199443D000F23812 /* libz.dylib in Frameworks */,
				39A725B7199443CA00F23812 /* CoreData.framework in Frameworks */,
				39A725B5199443C300F23812 /* CoreLocation.framework in Frameworks */,
				39A725B3199443BD00F23812 /* CoreBluetooth.framework in Frameworks */,
				39A725801994438C00F23812 /* CoreGraphics.framework in Frameworks */,
				393F9EF119D096E000603A02 /* Common.framework in Frameworks */,
				39A725821994438C00F23812 /* UIKit.framework in Frameworks */,
				39A7257E1994438C00F23812 /* Foundation.framework in Frameworks */,
			);
			runOnlyForDeploymentPostprocessing = 0;
		};
		39A725981994438C00F23812 /* Frameworks */ = {
			isa = PBXFrameworksBuildPhase;
			buildActionMask = 2147483647;
			files = (
				39A7259D1994438C00F23812 /* XCTest.framework in Frameworks */,
				39A7259F1994438C00F23812 /* UIKit.framework in Frameworks */,
				39A7259E1994438C00F23812 /* Foundation.framework in Frameworks */,
			);
			runOnlyForDeploymentPostprocessing = 0;
		};
/* End PBXFrameworksBuildPhase section */

/* Begin PBXGroup section */
		3921CDEE19F20B44001EE007 /* Products */ = {
			isa = PBXGroup;
			children = (
				3921CDF319F20B44001EE007 /* libDataSnapClient.a */,
			);
			name = Products;
			sourceTree = "<group>";
		};
		393F9EDF19D096E000603A02 /* Common.embeddedframework */ = {
			isa = PBXGroup;
			children = (
				393F9EE019D096E000603A02 /* Common.framework */,
				393F9EE119D096E000603A02 /* Resources */,
			);
			name = Common.embeddedframework;
			path = Frameworks/Common.embeddedframework;
			sourceTree = "<group>";
		};
		393F9EE119D096E000603A02 /* Resources */ = {
			isa = PBXGroup;
			children = (
			);
			path = Resources;
			sourceTree = "<group>";
		};
		393F9EE219D096E000603A02 /* ContextCore.embeddedframework */ = {
			isa = PBXGroup;
			children = (
				393F9EE319D096E000603A02 /* ContextCore.framework */,
				393F9EE419D096E000603A02 /* Resources */,
			);
			name = ContextCore.embeddedframework;
			path = Frameworks/ContextCore.embeddedframework;
			sourceTree = "<group>";
		};
		393F9EE419D096E000603A02 /* Resources */ = {
			isa = PBXGroup;
			children = (
			);
			path = Resources;
			sourceTree = "<group>";
		};
		393F9EE519D096E000603A02 /* ContextLocation.embeddedframework */ = {
			isa = PBXGroup;
			children = (
				393F9EE619D096E000603A02 /* ContextLocation.framework */,
				393F9EE719D096E000603A02 /* Resources */,
			);
			name = ContextLocation.embeddedframework;
			path = Frameworks/ContextLocation.embeddedframework;
			sourceTree = "<group>";
		};
		393F9EE719D096E000603A02 /* Resources */ = {
			isa = PBXGroup;
			children = (
				393F9EE819D096E000603A02 /* DataModels.bundle */,
			);
			path = Resources;
			sourceTree = "<group>";
		};
		393F9EE919D096E000603A02 /* ContextProfiling.embeddedframework */ = {
			isa = PBXGroup;
			children = (
				393F9EEA19D096E000603A02 /* ContextProfiling.framework */,
				393F9EEB19D096E000603A02 /* Resources */,
			);
			name = ContextProfiling.embeddedframework;
			path = Frameworks/ContextProfiling.embeddedframework;
			sourceTree = "<group>";
		};
		393F9EEB19D096E000603A02 /* Resources */ = {
			isa = PBXGroup;
			children = (
				393F9EEC19D096E000603A02 /* rules.txt */,
			);
			path = Resources;
			sourceTree = "<group>";
		};
		393F9EEE19D096E000603A02 /* NetworkServices.embeddedframework */ = {
			isa = PBXGroup;
			children = (
				393F9EEF19D096E000603A02 /* NetworkServices.framework */,
				393F9EF019D096E000603A02 /* Resources */,
			);
			name = NetworkServices.embeddedframework;
			path = Frameworks/NetworkServices.embeddedframework;
			sourceTree = "<group>";
		};
		393F9EF019D096E000603A02 /* Resources */ = {
			isa = PBXGroup;
			children = (
			);
			path = Resources;
			sourceTree = "<group>";
		};
		39A4072D1995874C003EF46F /* DataSnapIcons */ = {
			isa = PBXGroup;
			children = (
				39A4072F1995874C003EF46F /* DS-iOS7_AppIcons_120 x 120.png */,
			);
			path = DataSnapIcons;
			sourceTree = "<group>";
		};
		39A725711994438C00F23812 = {
			isa = PBXGroup;
			children = (
				3921CDED19F20B44001EE007 /* DataSnapClient.xcodeproj */,
				39A725831994438C00F23812 /* gimbalDemo */,
				39A725A21994438C00F23812 /* gimbalDemoTests */,
				39A7257C1994438C00F23812 /* Frameworks */,
				39A7257B1994438C00F23812 /* Products */,
				39A4072D1995874C003EF46F /* DataSnapIcons */,
			);
			sourceTree = "<group>";
		};
		39A7257B1994438C00F23812 /* Products */ = {
			isa = PBXGroup;
			children = (
				39A7257A1994438C00F23812 /* gimbalDemo.app */,
				39A7259B1994438C00F23812 /* gimbalDemoTests.xctest */,
			);
			name = Products;
			sourceTree = "<group>";
		};
		39A7257C1994438C00F23812 /* Frameworks */ = {
			isa = PBXGroup;
			children = (
				393F9EDF19D096E000603A02 /* Common.embeddedframework */,
				393F9EE219D096E000603A02 /* ContextCore.embeddedframework */,
				393F9EE519D096E000603A02 /* ContextLocation.embeddedframework */,
				393F9EE919D096E000603A02 /* ContextProfiling.embeddedframework */,
				393F9EED19D096E000603A02 /* FYX.framework */,
				393F9EEE19D096E000603A02 /* NetworkServices.embeddedframework */,
				39A4074519994DF8003EF46F /* AdSupport.framework */,
				39A4074319994DE6003EF46F /* CoreTelephony.framework */,
				39A725BC199443DC00F23812 /* Security.framework */,
				39A725BA199443D600F23812 /* MapKit.framework */,
				39A725B8199443D000F23812 /* libz.dylib */,
				39A725B6199443CA00F23812 /* CoreData.framework */,
				39A725B4199443C300F23812 /* CoreLocation.framework */,
				39A725B2199443BD00F23812 /* CoreBluetooth.framework */,
				39A7257D1994438C00F23812 /* Foundation.framework */,
				39A7257F1994438C00F23812 /* CoreGraphics.framework */,
				39A725811994438C00F23812 /* UIKit.framework */,
				39A7259C1994438C00F23812 /* XCTest.framework */,
			);
			name = Frameworks;
			sourceTree = "<group>";
		};
		39A725831994438C00F23812 /* gimbalDemo */ = {
			isa = PBXGroup;
			children = (
				39A7258C1994438C00F23812 /* AppDelegate.h */,
				39A7258D1994438C00F23812 /* AppDelegate.m */,
				39A7258F1994438C00F23812 /* Main.storyboard */,
				39A725921994438C00F23812 /* ViewController.h */,
				39A725931994438C00F23812 /* ViewController.m */,
				39A725951994438C00F23812 /* Images.xcassets */,
				39A725841994438C00F23812 /* Supporting Files */,
			);
			path = gimbalDemo;
			sourceTree = "<group>";
		};
		39A725841994438C00F23812 /* Supporting Files */ = {
			isa = PBXGroup;
			children = (
				39A725851994438C00F23812 /* gimbalDemo-Info.plist */,
				39A725861994438C00F23812 /* InfoPlist.strings */,
				39A725891994438C00F23812 /* main.m */,
				39A7258B1994438C00F23812 /* gimbalDemo-Prefix.pch */,
				39A725D81994445700F23812 /* UserContext.plist */,
			);
			name = "Supporting Files";
			sourceTree = "<group>";
		};
		39A725A21994438C00F23812 /* gimbalDemoTests */ = {
			isa = PBXGroup;
			children = (
				39A725A81994438C00F23812 /* gimbalDemoTests.m */,
				39A725A31994438C00F23812 /* Supporting Files */,
			);
			path = gimbalDemoTests;
			sourceTree = "<group>";
		};
		39A725A31994438C00F23812 /* Supporting Files */ = {
			isa = PBXGroup;
			children = (
				39A725A41994438C00F23812 /* gimbalDemoTests-Info.plist */,
				39A725A51994438C00F23812 /* InfoPlist.strings */,
			);
			name = "Supporting Files";
			sourceTree = "<group>";
		};
/* End PBXGroup section */

/* Begin PBXNativeTarget section */
		39A725791994438C00F23812 /* gimbalDemo */ = {
			isa = PBXNativeTarget;
			buildConfigurationList = 39A725AC1994438C00F23812 /* Build configuration list for PBXNativeTarget "gimbalDemo" */;
			buildPhases = (
				39A725761994438C00F23812 /* Sources */,
				39A725771994438C00F23812 /* Frameworks */,
				39A725781994438C00F23812 /* Resources */,
			);
			buildRules = (
			);
			dependencies = (
				39D82BA119FF12D90063DB43 /* PBXTargetDependency */,
			);
			name = gimbalDemo;
			productName = gimbalDemo;
			productReference = 39A7257A1994438C00F23812 /* gimbalDemo.app */;
			productType = "com.apple.product-type.application";
		};
		39A7259A1994438C00F23812 /* gimbalDemoTests */ = {
			isa = PBXNativeTarget;
			buildConfigurationList = 39A725AF1994438C00F23812 /* Build configuration list for PBXNativeTarget "gimbalDemoTests" */;
			buildPhases = (
				39A725971994438C00F23812 /* Sources */,
				39A725981994438C00F23812 /* Frameworks */,
				39A725991994438C00F23812 /* Resources */,
			);
			buildRules = (
			);
			dependencies = (
				39A725A11994438C00F23812 /* PBXTargetDependency */,
			);
			name = gimbalDemoTests;
			productName = gimbalDemoTests;
			productReference = 39A7259B1994438C00F23812 /* gimbalDemoTests.xctest */;
			productType = "com.apple.product-type.bundle.unit-test";
		};
/* End PBXNativeTarget section */

/* Begin PBXProject section */
		39A725721994438C00F23812 /* Project object */ = {
			isa = PBXProject;
			attributes = {
				LastUpgradeCheck = 0510;
				ORGANIZATIONNAME = Datasnap.io;
				TargetAttributes = {
					39A725791994438C00F23812 = {
						DevelopmentTeam = 3D92X9E67R;
						SystemCapabilities = {
							com.apple.BackgroundModes = {
								enabled = 1;
							};
						};
					};
					39A7259A1994438C00F23812 = {
						TestTargetID = 39A725791994438C00F23812;
					};
				};
			};
			buildConfigurationList = 39A725751994438C00F23812 /* Build configuration list for PBXProject "gimbalDemo" */;
			compatibilityVersion = "Xcode 3.2";
			developmentRegion = English;
			hasScannedForEncodings = 0;
			knownRegions = (
				en,
				Base,
			);
			mainGroup = 39A725711994438C00F23812;
			productRefGroup = 39A7257B1994438C00F23812 /* Products */;
			projectDirPath = "";
			projectReferences = (
				{
					ProductGroup = 3921CDEE19F20B44001EE007 /* Products */;
					ProjectRef = 3921CDED19F20B44001EE007 /* DataSnapClient.xcodeproj */;
				},
			);
			projectRoot = "";
			targets = (
				39A725791994438C00F23812 /* gimbalDemo */,
				39A7259A1994438C00F23812 /* gimbalDemoTests */,
			);
		};
/* End PBXProject section */

/* Begin PBXReferenceProxy section */
		3921CDF319F20B44001EE007 /* libDataSnapClient.a */ = {
			isa = PBXReferenceProxy;
			fileType = archive.ar;
			path = libDataSnapClient.a;
			remoteRef = 3921CDF219F20B44001EE007 /* PBXContainerItemProxy */;
			sourceTree = BUILT_PRODUCTS_DIR;
		};
/* End PBXReferenceProxy section */

/* Begin PBXResourcesBuildPhase section */
		39A725781994438C00F23812 /* Resources */ = {
			isa = PBXResourcesBuildPhase;
			buildActionMask = 2147483647;
			files = (
				39A725961994438C00F23812 /* Images.xcassets in Resources */,
				39A725D91994445700F23812 /* UserContext.plist in Resources */,
				39A725881994438C00F23812 /* InfoPlist.strings in Resources */,
				39A407331995874C003EF46F /* DS-iOS7_AppIcons_120 x 120.png in Resources */,
				39A725911994438C00F23812 /* Main.storyboard in Resources */,
				393F9EF419D096E000603A02 /* DataModels.bundle in Resources */,
				393F9EF619D096E000603A02 /* rules.txt in Resources */,
			);
			runOnlyForDeploymentPostprocessing = 0;
		};
		39A725991994438C00F23812 /* Resources */ = {
			isa = PBXResourcesBuildPhase;
			buildActionMask = 2147483647;
			files = (
				39A725A71994438C00F23812 /* InfoPlist.strings in Resources */,
			);
			runOnlyForDeploymentPostprocessing = 0;
		};
/* End PBXResourcesBuildPhase section */

/* Begin PBXSourcesBuildPhase section */
		39A725761994438C00F23812 /* Sources */ = {
			isa = PBXSourcesBuildPhase;
			buildActionMask = 2147483647;
			files = (
				39A725941994438C00F23812 /* ViewController.m in Sources */,
				39A7258E1994438C00F23812 /* AppDelegate.m in Sources */,
				39A7258A1994438C00F23812 /* main.m in Sources */,
			);
			runOnlyForDeploymentPostprocessing = 0;
		};
		39A725971994438C00F23812 /* Sources */ = {
			isa = PBXSourcesBuildPhase;
			buildActionMask = 2147483647;
			files = (
				39A725A91994438C00F23812 /* gimbalDemoTests.m in Sources */,
			);
			runOnlyForDeploymentPostprocessing = 0;
		};
/* End PBXSourcesBuildPhase section */

/* Begin PBXTargetDependency section */
		39A725A11994438C00F23812 /* PBXTargetDependency */ = {
			isa = PBXTargetDependency;
			target = 39A725791994438C00F23812 /* gimbalDemo */;
			targetProxy = 39A725A01994438C00F23812 /* PBXContainerItemProxy */;
		};
		39D82BA119FF12D90063DB43 /* PBXTargetDependency */ = {
			isa = PBXTargetDependency;
			name = DataSnapClient;
			targetProxy = 39D82BA019FF12D90063DB43 /* PBXContainerItemProxy */;
		};
/* End PBXTargetDependency section */

/* Begin PBXVariantGroup section */
		39A725861994438C00F23812 /* InfoPlist.strings */ = {
			isa = PBXVariantGroup;
			children = (
				39A725871994438C00F23812 /* en */,
			);
			name = InfoPlist.strings;
			sourceTree = "<group>";
		};
		39A7258F1994438C00F23812 /* Main.storyboard */ = {
			isa = PBXVariantGroup;
			children = (
				39A725901994438C00F23812 /* Base */,
			);
			name = Main.storyboard;
			sourceTree = "<group>";
		};
		39A725A51994438C00F23812 /* InfoPlist.strings */ = {
			isa = PBXVariantGroup;
			children = (
				39A725A61994438C00F23812 /* en */,
			);
			name = InfoPlist.strings;
			sourceTree = "<group>";
		};
/* End PBXVariantGroup section */

/* Begin XCBuildConfiguration section */
		39A725AA1994438C00F23812 /* Debug */ = {
			isa = XCBuildConfiguration;
			buildSettings = {
				ALWAYS_SEARCH_USER_PATHS = NO;
				CLANG_CXX_LANGUAGE_STANDARD = "gnu++0x";
				CLANG_CXX_LIBRARY = "libc++";
				CLANG_ENABLE_MODULES = YES;
				CLANG_ENABLE_OBJC_ARC = YES;
				CLANG_WARN_BOOL_CONVERSION = YES;
				CLANG_WARN_CONSTANT_CONVERSION = YES;
				CLANG_WARN_DIRECT_OBJC_ISA_USAGE = YES_ERROR;
				CLANG_WARN_EMPTY_BODY = YES;
				CLANG_WARN_ENUM_CONVERSION = YES;
				CLANG_WARN_INT_CONVERSION = YES;
				CLANG_WARN_OBJC_ROOT_CLASS = YES_ERROR;
				CLANG_WARN__DUPLICATE_METHOD_MATCH = YES;
				"CODE_SIGN_IDENTITY[sdk=iphoneos*]" = "iPhone Developer";
				COPY_PHASE_STRIP = NO;
				GCC_C_LANGUAGE_STANDARD = gnu99;
				GCC_DYNAMIC_NO_PIC = NO;
				GCC_OPTIMIZATION_LEVEL = 0;
				GCC_PREPROCESSOR_DEFINITIONS = (
					"DEBUG=1",
					"$(inherited)",
				);
				GCC_SYMBOLS_PRIVATE_EXTERN = NO;
				GCC_WARN_64_TO_32_BIT_CONVERSION = YES;
				GCC_WARN_ABOUT_RETURN_TYPE = YES_ERROR;
				GCC_WARN_UNDECLARED_SELECTOR = YES;
				GCC_WARN_UNINITIALIZED_AUTOS = YES_AGGRESSIVE;
				GCC_WARN_UNUSED_FUNCTION = YES;
				GCC_WARN_UNUSED_VARIABLE = YES;
				IPHONEOS_DEPLOYMENT_TARGET = 7.1;
				ONLY_ACTIVE_ARCH = YES;
				SDKROOT = iphoneos;
			};
			name = Debug;
		};
		39A725AB1994438C00F23812 /* Release */ = {
			isa = XCBuildConfiguration;
			buildSettings = {
				ALWAYS_SEARCH_USER_PATHS = NO;
				CLANG_CXX_LANGUAGE_STANDARD = "gnu++0x";
				CLANG_CXX_LIBRARY = "libc++";
				CLANG_ENABLE_MODULES = YES;
				CLANG_ENABLE_OBJC_ARC = YES;
				CLANG_WARN_BOOL_CONVERSION = YES;
				CLANG_WARN_CONSTANT_CONVERSION = YES;
				CLANG_WARN_DIRECT_OBJC_ISA_USAGE = YES_ERROR;
				CLANG_WARN_EMPTY_BODY = YES;
				CLANG_WARN_ENUM_CONVERSION = YES;
				CLANG_WARN_INT_CONVERSION = YES;
				CLANG_WARN_OBJC_ROOT_CLASS = YES_ERROR;
				CLANG_WARN__DUPLICATE_METHOD_MATCH = YES;
				"CODE_SIGN_IDENTITY[sdk=iphoneos*]" = "iPhone Developer";
				COPY_PHASE_STRIP = YES;
				ENABLE_NS_ASSERTIONS = NO;
				GCC_C_LANGUAGE_STANDARD = gnu99;
				GCC_WARN_64_TO_32_BIT_CONVERSION = YES;
				GCC_WARN_ABOUT_RETURN_TYPE = YES_ERROR;
				GCC_WARN_UNDECLARED_SELECTOR = YES;
				GCC_WARN_UNINITIALIZED_AUTOS = YES_AGGRESSIVE;
				GCC_WARN_UNUSED_FUNCTION = YES;
				GCC_WARN_UNUSED_VARIABLE = YES;
				IPHONEOS_DEPLOYMENT_TARGET = 7.1;
				SDKROOT = iphoneos;
				VALIDATE_PRODUCT = YES;
			};
			name = Release;
		};
		39A725AD1994438C00F23812 /* Debug */ = {
			isa = XCBuildConfiguration;
			buildSettings = {
				ASSETCATALOG_COMPILER_APPICON_NAME = AppIcon;
				ASSETCATALOG_COMPILER_LAUNCHIMAGE_NAME = LaunchImage;
				CODE_SIGN_IDENTITY = "iPhone Developer";
				"CODE_SIGN_IDENTITY[sdk=iphoneos*]" = "iPhone Developer";
				FRAMEWORK_SEARCH_PATHS = (
					"$(inherited)",
					"$(PROJECT_DIR)/Frameworks",
					"$(PROJECT_DIR)/Frameworks/Common.embeddedframework",
					"$(PROJECT_DIR)/Frameworks/ContextCore.embeddedframework",
					"$(PROJECT_DIR)/Frameworks/ContextLocation.embeddedframework",
					"$(PROJECT_DIR)/Frameworks/ContextProfiling.embeddedframework",
					"$(PROJECT_DIR)/Frameworks",
					"$(PROJECT_DIR)/Frameworks/NetworkServices.embeddedframework",
					"$(PROJECT_DIR)",
				);
				GCC_PRECOMPILE_PREFIX_HEADER = YES;
				GCC_PREFIX_HEADER = "gimbalDemo/gimbalDemo-Prefix.pch";
				INFOPLIST_FILE = "gimbalDemo/gimbalDemo-Info.plist";
				IPHONEOS_DEPLOYMENT_TARGET = 7.0;
				OTHER_LDFLAGS = "-ObjC";
				PRODUCT_NAME = "$(TARGET_NAME)";
				PROVISIONING_PROFILE = "";
				WRAPPER_EXTENSION = app;
			};
			name = Debug;
		};
		39A725AE1994438C00F23812 /* Release */ = {
			isa = XCBuildConfiguration;
			buildSettings = {
				ASSETCATALOG_COMPILER_APPICON_NAME = AppIcon;
				ASSETCATALOG_COMPILER_LAUNCHIMAGE_NAME = LaunchImage;
				CODE_SIGN_IDENTITY = "iPhone Developer";
				"CODE_SIGN_IDENTITY[sdk=iphoneos*]" = "iPhone Developer";
				FRAMEWORK_SEARCH_PATHS = (
					"$(inherited)",
					"$(PROJECT_DIR)/Frameworks",
					"$(PROJECT_DIR)/Frameworks/Common.embeddedframework",
					"$(PROJECT_DIR)/Frameworks/ContextCore.embeddedframework",
					"$(PROJECT_DIR)/Frameworks/ContextLocation.embeddedframework",
					"$(PROJECT_DIR)/Frameworks/ContextProfiling.embeddedframework",
					"$(PROJECT_DIR)/Frameworks",
					"$(PROJECT_DIR)/Frameworks/NetworkServices.embeddedframework",
					"$(PROJECT_DIR)",
				);
				GCC_PRECOMPILE_PREFIX_HEADER = YES;
				GCC_PREFIX_HEADER = "gimbalDemo/gimbalDemo-Prefix.pch";
				INFOPLIST_FILE = "gimbalDemo/gimbalDemo-Info.plist";
				IPHONEOS_DEPLOYMENT_TARGET = 7.0;
				OTHER_LDFLAGS = "-ObjC";
				PRODUCT_NAME = "$(TARGET_NAME)";
				PROVISIONING_PROFILE = "";
				WRAPPER_EXTENSION = app;
			};
			name = Release;
		};
		39A725B01994438C00F23812 /* Debug */ = {
			isa = XCBuildConfiguration;
			buildSettings = {
				BUNDLE_LOADER = "$(BUILT_PRODUCTS_DIR)/gimbalDemo.app/gimbalDemo";
				FRAMEWORK_SEARCH_PATHS = (
					"$(SDKROOT)/Developer/Library/Frameworks",
					"$(inherited)",
					"$(DEVELOPER_FRAMEWORKS_DIR)",
				);
				GCC_PRECOMPILE_PREFIX_HEADER = YES;
				GCC_PREFIX_HEADER = "gimbalDemo/gimbalDemo-Prefix.pch";
				GCC_PREPROCESSOR_DEFINITIONS = (
					"DEBUG=1",
					"$(inherited)",
				);
				INFOPLIST_FILE = "gimbalDemoTests/gimbalDemoTests-Info.plist";
				PRODUCT_NAME = "$(TARGET_NAME)";
				TEST_HOST = "$(BUNDLE_LOADER)";
				WRAPPER_EXTENSION = xctest;
			};
			name = Debug;
		};
		39A725B11994438C00F23812 /* Release */ = {
			isa = XCBuildConfiguration;
			buildSettings = {
				BUNDLE_LOADER = "$(BUILT_PRODUCTS_DIR)/gimbalDemo.app/gimbalDemo";
				FRAMEWORK_SEARCH_PATHS = (
					"$(SDKROOT)/Developer/Library/Frameworks",
					"$(inherited)",
					"$(DEVELOPER_FRAMEWORKS_DIR)",
				);
				GCC_PRECOMPILE_PREFIX_HEADER = YES;
				GCC_PREFIX_HEADER = "gimbalDemo/gimbalDemo-Prefix.pch";
				INFOPLIST_FILE = "gimbalDemoTests/gimbalDemoTests-Info.plist";
				PRODUCT_NAME = "$(TARGET_NAME)";
				TEST_HOST = "$(BUNDLE_LOADER)";
				WRAPPER_EXTENSION = xctest;
			};
			name = Release;
		};
/* End XCBuildConfiguration section */

/* Begin XCConfigurationList section */
		39A725751994438C00F23812 /* Build configuration list for PBXProject "gimbalDemo" */ = {
			isa = XCConfigurationList;
			buildConfigurations = (
				39A725AA1994438C00F23812 /* Debug */,
				39A725AB1994438C00F23812 /* Release */,
			);
			defaultConfigurationIsVisible = 0;
			defaultConfigurationName = Release;
		};
		39A725AC1994438C00F23812 /* Build configuration list for PBXNativeTarget "gimbalDemo" */ = {
			isa = XCConfigurationList;
			buildConfigurations = (
				39A725AD1994438C00F23812 /* Debug */,
				39A725AE1994438C00F23812 /* Release */,
			);
			defaultConfigurationIsVisible = 0;
			defaultConfigurationName = Release;
		};
		39A725AF1994438C00F23812 /* Build configuration list for PBXNativeTarget "gimbalDemoTests" */ = {
			isa = XCConfigurationList;
			buildConfigurations = (
				39A725B01994438C00F23812 /* Debug */,
				39A725B11994438C00F23812 /* Release */,
			);
			defaultConfigurationIsVisible = 0;
			defaultConfigurationName = Release;
		};
/* End XCConfigurationList section */
	};
	rootObject = 39A725721994438C00F23812 /* Project object */;
}
