// !$*UTF8*$!
{
	archiveVersion = 1;
	classes = {
	};
	objectVersion = 46;
	objects = {

/* Begin PBXBuildFile section */
		F1C666531A849FD900389838 /* main.m in Sources */ = {isa = PBXBuildFile; fileRef = F1C666521A849FD900389838 /* main.m */; };
		F1C666561A849FD900389838 /* AppDelegate.m in Sources */ = {isa = PBXBuildFile; fileRef = F1C666551A849FD900389838 /* AppDelegate.m */; };
		F1C6665F1A849FD900389838 /* Main.storyboard in Resources */ = {isa = PBXBuildFile; fileRef = F1C6665D1A849FD900389838 /* Main.storyboard */; };
		F1C666701A849FD900389838 /* dataSnapSampleTests.m in Sources */ = {isa = PBXBuildFile; fileRef = F1C6666F1A849FD900389838 /* dataSnapSampleTests.m */; };
		F1C666981A84A0EA00389838 /* ViewController.m in Sources */ = {isa = PBXBuildFile; fileRef = F1C6667B1A84A0EA00389838 /* ViewController.m */; };
		F1C6669C1A84A0EA00389838 /* DataSnapClient.m in Sources */ = {isa = PBXBuildFile; fileRef = F1C666861A84A0EA00389838 /* DataSnapClient.m */; };
		F1C6669D1A84A0EA00389838 /* DataSnapEventQueue.m in Sources */ = {isa = PBXBuildFile; fileRef = F1C666881A84A0EA00389838 /* DataSnapEventQueue.m */; };
		F1C6669E1A84A0EA00389838 /* DataSnapLocation.m in Sources */ = {isa = PBXBuildFile; fileRef = F1C6668C1A84A0EA00389838 /* DataSnapLocation.m */; };
		F1C6669F1A84A0EA00389838 /* DataSnapRequest.m in Sources */ = {isa = PBXBuildFile; fileRef = F1C6668E1A84A0EA00389838 /* DataSnapRequest.m */; };
		F1C666A01A84A0EA00389838 /* DataSnapProperties.m in Sources */ = {isa = PBXBuildFile; fileRef = F1C666901A84A0EA00389838 /* DataSnapProperties.m */; };
		F2B0A168D5EBE2254B22DAAD /* Images.xcassets in Resources */ = {isa = PBXBuildFile; fileRef = F2B0AF3BBA2BE9D526AEC062 /* Images.xcassets */; };
		F2B0A5EC800668D435484C35 /* Main.storyboard in Resources */ = {isa = PBXBuildFile; fileRef = F2B0AC1923FC454DED1A394F /* Main.storyboard */; };
		F2B0A6DF46D098D2D6BE8335 /* UserContext.plist in Resources */ = {isa = PBXBuildFile; fileRef = F2B0A9F49A8F7AE4CE8B6FBE /* UserContext.plist */; };
		F2B0AA179FDB576CDF188DDA /* InfoPlist.strings in Resources */ = {isa = PBXBuildFile; fileRef = F2B0A9BA8999C7771E91436E /* InfoPlist.strings */; };
		F2B0AE14A21F81BEFBB569D5 /* DataSnapPropertiesSampleData.m in Sources */ = {isa = PBXBuildFile; fileRef = F2B0A63E7A205A72F31389E4 /* DataSnapPropertiesSampleData.m */; };
/* End PBXBuildFile section */

/* Begin PBXContainerItemProxy section */
		F1C6666A1A849FD900389838 /* PBXContainerItemProxy */ = {
			isa = PBXContainerItemProxy;
			containerPortal = F1C666451A849FD900389838 /* Project object */;
			proxyType = 1;
			remoteGlobalIDString = F1C6664C1A849FD900389838;
			remoteInfo = dataSnapSample;
		};
/* End PBXContainerItemProxy section */

/* Begin PBXFileReference section */
		F1C6664D1A849FD900389838 /* dataSnapSample.app */ = {isa = PBXFileReference; explicitFileType = wrapper.application; includeInIndex = 0; path = dataSnapSample.app; sourceTree = BUILT_PRODUCTS_DIR; };
		F1C666521A849FD900389838 /* main.m */ = {isa = PBXFileReference; lastKnownFileType = sourcecode.c.objc; path = main.m; sourceTree = "<group>"; };
		F1C666541A849FD900389838 /* AppDelegate.h */ = {isa = PBXFileReference; lastKnownFileType = sourcecode.c.h; path = AppDelegate.h; sourceTree = "<group>"; };
		F1C666551A849FD900389838 /* AppDelegate.m */ = {isa = PBXFileReference; lastKnownFileType = sourcecode.c.objc; path = AppDelegate.m; sourceTree = "<group>"; };
		F1C6665E1A849FD900389838 /* Base */ = {isa = PBXFileReference; lastKnownFileType = file.storyboard; name = Base; path = Base.lproj/Main.storyboard; sourceTree = "<group>"; };
		F1C666691A849FD900389838 /* dataSnapSampleTests.xctest */ = {isa = PBXFileReference; explicitFileType = wrapper.cfbundle; includeInIndex = 0; path = dataSnapSampleTests.xctest; sourceTree = BUILT_PRODUCTS_DIR; };
		F1C6666E1A849FD900389838 /* Info.plist */ = {isa = PBXFileReference; lastKnownFileType = text.plist.xml; path = Info.plist; sourceTree = "<group>"; };
		F1C6666F1A849FD900389838 /* dataSnapSampleTests.m */ = {isa = PBXFileReference; lastKnownFileType = sourcecode.c.objc; path = dataSnapSampleTests.m; sourceTree = "<group>"; };
		F1C6667A1A84A0EA00389838 /* ViewController.h */ = {isa = PBXFileReference; fileEncoding = 4; lastKnownFileType = sourcecode.c.h; path = ViewController.h; sourceTree = "<group>"; };
		F1C6667B1A84A0EA00389838 /* ViewController.m */ = {isa = PBXFileReference; fileEncoding = 4; lastKnownFileType = sourcecode.c.objc; path = ViewController.m; sourceTree = "<group>"; };
		F1C666851A84A0EA00389838 /* DataSnapClient.h */ = {isa = PBXFileReference; fileEncoding = 4; lastKnownFileType = sourcecode.c.h; path = DataSnapClient.h; sourceTree = "<group>"; };
		F1C666861A84A0EA00389838 /* DataSnapClient.m */ = {isa = PBXFileReference; fileEncoding = 4; lastKnownFileType = sourcecode.c.objc; path = DataSnapClient.m; sourceTree = "<group>"; };
		F1C666871A84A0EA00389838 /* DataSnapEventQueue.h */ = {isa = PBXFileReference; fileEncoding = 4; lastKnownFileType = sourcecode.c.h; path = DataSnapEventQueue.h; sourceTree = "<group>"; };
		F1C666881A84A0EA00389838 /* DataSnapEventQueue.m */ = {isa = PBXFileReference; fileEncoding = 4; lastKnownFileType = sourcecode.c.objc; path = DataSnapEventQueue.m; sourceTree = "<group>"; };
		F1C6668B1A84A0EA00389838 /* DataSnapLocation.h */ = {isa = PBXFileReference; fileEncoding = 4; lastKnownFileType = sourcecode.c.h; path = DataSnapLocation.h; sourceTree = "<group>"; };
		F1C6668C1A84A0EA00389838 /* DataSnapLocation.m */ = {isa = PBXFileReference; fileEncoding = 4; lastKnownFileType = sourcecode.c.objc; path = DataSnapLocation.m; sourceTree = "<group>"; };
		F1C6668D1A84A0EA00389838 /* DataSnapRequest.h */ = {isa = PBXFileReference; fileEncoding = 4; lastKnownFileType = sourcecode.c.h; path = DataSnapRequest.h; sourceTree = "<group>"; };
		F1C6668E1A84A0EA00389838 /* DataSnapRequest.m */ = {isa = PBXFileReference; fileEncoding = 4; lastKnownFileType = sourcecode.c.objc; path = DataSnapRequest.m; sourceTree = "<group>"; };
		F1C6668F1A84A0EA00389838 /* DataSnapProperties.h */ = {isa = PBXFileReference; fileEncoding = 4; lastKnownFileType = sourcecode.c.h; path = DataSnapProperties.h; sourceTree = "<group>"; };
		F1C666901A84A0EA00389838 /* DataSnapProperties.m */ = {isa = PBXFileReference; fileEncoding = 4; lastKnownFileType = sourcecode.c.objc; path = DataSnapProperties.m; sourceTree = "<group>"; };
		F2B0A0BA9C5EDA6B56FD7F2E /* Base */ = {isa = PBXFileReference; lastKnownFileType = file.storyboard; name = Base; path = Main.storyboard; sourceTree = "<group>"; };
		F2B0A0DEBEAF57075469FF2F /* DataSnapPropertiesSampleData.h */ = {isa = PBXFileReference; fileEncoding = 4; lastKnownFileType = sourcecode.c.h; path = DataSnapPropertiesSampleData.h; sourceTree = "<group>"; };
		F2B0A4F98179B505F4AC15C1 /* en */ = {isa = PBXFileReference; fileEncoding = 4; lastKnownFileType = text.plist.strings; name = en; path = InfoPlist.strings; sourceTree = "<group>"; };
		F2B0A5E49ABE3894B5A2ABE1 /* dataSnapSample-Prefix.pch */ = {isa = PBXFileReference; fileEncoding = 4; lastKnownFileType = sourcecode.c.h; path = "dataSnapSample-Prefix.pch"; sourceTree = "<group>"; };
		F2B0A63E7A205A72F31389E4 /* DataSnapPropertiesSampleData.m */ = {isa = PBXFileReference; fileEncoding = 4; lastKnownFileType = sourcecode.c.objc; path = DataSnapPropertiesSampleData.m; sourceTree = "<group>"; };
		F2B0A9F49A8F7AE4CE8B6FBE /* UserContext.plist */ = {isa = PBXFileReference; fileEncoding = 4; lastKnownFileType = text.plist; path = UserContext.plist; sourceTree = "<group>"; };
		F2B0AF11FC2EA86157E6B10A /* DataSnapClient-Prefix.pch */ = {isa = PBXFileReference; fileEncoding = 4; lastKnownFileType = sourcecode.c.h; name = "DataSnapClient-Prefix.pch"; path = "DataSnap/DataSnapClient-Prefix.pch"; sourceTree = "<group>"; };
		F2B0AF3BBA2BE9D526AEC062 /* Images.xcassets */ = {isa = PBXFileReference; lastKnownFileType = folder.assetcatalog; path = Images.xcassets; sourceTree = "<group>"; };
/* End PBXFileReference section */

/* Begin PBXFrameworksBuildPhase section */
		F1C6664A1A849FD900389838 /* Frameworks */ = {
			isa = PBXFrameworksBuildPhase;
			buildActionMask = 2147483647;
			files = (
			);
			runOnlyForDeploymentPostprocessing = 0;
		};
		F1C666661A849FD900389838 /* Frameworks */ = {
			isa = PBXFrameworksBuildPhase;
			buildActionMask = 2147483647;
			files = (
			);
			runOnlyForDeploymentPostprocessing = 0;
		};
/* End PBXFrameworksBuildPhase section */

/* Begin PBXGroup section */
		F1C666441A849FD900389838 = {
			isa = PBXGroup;
			children = (
				F1C6664F1A849FD900389838 /* dataSnapSample */,
				F1C6666C1A849FD900389838 /* dataSnapSampleTests */,
				F1C6664E1A849FD900389838 /* Products */,
			);
			sourceTree = "<group>";
		};
		F1C6664E1A849FD900389838 /* Products */ = {
			isa = PBXGroup;
			children = (
				F1C6664D1A849FD900389838 /* dataSnapSample.app */,
				F1C666691A849FD900389838 /* dataSnapSampleTests.xctest */,
			);
			name = Products;
			sourceTree = "<group>";
		};
		F1C6664F1A849FD900389838 /* dataSnapSample */ = {
			isa = PBXGroup;
			children = (
				F1C6667A1A84A0EA00389838 /* ViewController.h */,
				F1C6667B1A84A0EA00389838 /* ViewController.m */,
				F1C666801A84A0EA00389838 /* DataSnap */,
				F1C666541A849FD900389838 /* AppDelegate.h */,
				F1C666551A849FD900389838 /* AppDelegate.m */,
				F1C6665D1A849FD900389838 /* Main.storyboard */,
				F1C666501A849FD900389838 /* Supporting Files */,
			);
			path = dataSnapSample;
			sourceTree = "<group>";
		};
		F1C666501A849FD900389838 /* Supporting Files */ = {
			isa = PBXGroup;
			children = (
				F1C666521A849FD900389838 /* main.m */,
				F2B0A29D907F4620EFD28979 /* Base.lproj */,
				F2B0ABA92FB77FC92DBF18F8 /* en.lproj */,
				F2B0AF3BBA2BE9D526AEC062 /* Images.xcassets */,
				F2B0A5E49ABE3894B5A2ABE1 /* dataSnapSample-Prefix.pch */,
				F2B0AF11FC2EA86157E6B10A /* DataSnapClient-Prefix.pch */,
				F2B0A9F49A8F7AE4CE8B6FBE /* UserContext.plist */,
			);
			name = "Supporting Files";
			sourceTree = "<group>";
		};
		F1C6666C1A849FD900389838 /* dataSnapSampleTests */ = {
			isa = PBXGroup;
			children = (
				F1C6666F1A849FD900389838 /* dataSnapSampleTests.m */,
				F1C6666D1A849FD900389838 /* Supporting Files */,
			);
			path = dataSnapSampleTests;
			sourceTree = "<group>";
		};
		F1C6666D1A849FD900389838 /* Supporting Files */ = {
			isa = PBXGroup;
			children = (
				F1C6666E1A849FD900389838 /* Info.plist */,
			);
			name = "Supporting Files";
			sourceTree = "<group>";
		};
		F1C666801A84A0EA00389838 /* DataSnap */ = {
			isa = PBXGroup;
			children = (
				F1C666851A84A0EA00389838 /* DataSnapClient.h */,
				F1C666861A84A0EA00389838 /* DataSnapClient.m */,
				F1C666871A84A0EA00389838 /* DataSnapEventQueue.h */,
				F1C666881A84A0EA00389838 /* DataSnapEventQueue.m */,
				F1C6668B1A84A0EA00389838 /* DataSnapLocation.h */,
				F1C6668C1A84A0EA00389838 /* DataSnapLocation.m */,
				F1C6668D1A84A0EA00389838 /* DataSnapRequest.h */,
				F1C6668E1A84A0EA00389838 /* DataSnapRequest.m */,
				F1C6668F1A84A0EA00389838 /* DataSnapProperties.h */,
				F1C666901A84A0EA00389838 /* DataSnapProperties.m */,
				F2B0A63E7A205A72F31389E4 /* DataSnapPropertiesSampleData.m */,
				F2B0A0DEBEAF57075469FF2F /* DataSnapPropertiesSampleData.h */,
			);
			path = DataSnap;
			sourceTree = "<group>";
		};
		F2B0A29D907F4620EFD28979 /* Base.lproj */ = {
			isa = PBXGroup;
			children = (
				F2B0AC1923FC454DED1A394F /* Main.storyboard */,
			);
			path = Base.lproj;
			sourceTree = "<group>";
		};
		F2B0ABA92FB77FC92DBF18F8 /* en.lproj */ = {
			isa = PBXGroup;
			children = (
				F2B0A9BA8999C7771E91436E /* InfoPlist.strings */,
			);
			path = en.lproj;
			sourceTree = "<group>";
		};
/* End PBXGroup section */

/* Begin PBXNativeTarget section */
		F1C6664C1A849FD900389838 /* dataSnapSample */ = {
			isa = PBXNativeTarget;
			buildConfigurationList = F1C666731A849FD900389838 /* Build configuration list for PBXNativeTarget "dataSnapSample" */;
			buildPhases = (
				F1C666491A849FD900389838 /* Sources */,
				F1C6664A1A849FD900389838 /* Frameworks */,
				F1C6664B1A849FD900389838 /* Resources */,
			);
			buildRules = (
			);
			dependencies = (
			);
			name = dataSnapSample;
			productName = dataSnapSample;
			productReference = F1C6664D1A849FD900389838 /* dataSnapSample.app */;
			productType = "com.apple.product-type.application";
		};
		F1C666681A849FD900389838 /* dataSnapSampleTests */ = {
			isa = PBXNativeTarget;
			buildConfigurationList = F1C666761A849FD900389838 /* Build configuration list for PBXNativeTarget "dataSnapSampleTests" */;
			buildPhases = (
				F1C666651A849FD900389838 /* Sources */,
				F1C666661A849FD900389838 /* Frameworks */,
				F1C666671A849FD900389838 /* Resources */,
			);
			buildRules = (
			);
			dependencies = (
				F1C6666B1A849FD900389838 /* PBXTargetDependency */,
			);
			name = dataSnapSampleTests;
			productName = dataSnapSampleTests;
			productReference = F1C666691A849FD900389838 /* dataSnapSampleTests.xctest */;
			productType = "com.apple.product-type.bundle.unit-test";
		};
/* End PBXNativeTarget section */

/* Begin PBXProject section */
		F1C666451A849FD900389838 /* Project object */ = {
			isa = PBXProject;
			attributes = {
				LastUpgradeCheck = 0610;
				ORGANIZATIONNAME = Datasnapio;
				TargetAttributes = {
					F1C6664C1A849FD900389838 = {
						CreatedOnToolsVersion = 6.1.1;
					};
					F1C666681A849FD900389838 = {
						CreatedOnToolsVersion = 6.1.1;
						TestTargetID = F1C6664C1A849FD900389838;
					};
				};
			};
			buildConfigurationList = F1C666481A849FD900389838 /* Build configuration list for PBXProject "dataSnapSample" */;
			compatibilityVersion = "Xcode 3.2";
			developmentRegion = English;
			hasScannedForEncodings = 0;
			knownRegions = (
				en,
				Base,
			);
			mainGroup = F1C666441A849FD900389838;
			productRefGroup = F1C6664E1A849FD900389838 /* Products */;
			projectDirPath = "";
			projectRoot = "";
			targets = (
				F1C6664C1A849FD900389838 /* dataSnapSample */,
				F1C666681A849FD900389838 /* dataSnapSampleTests */,
			);
		};
/* End PBXProject section */

/* Begin PBXResourcesBuildPhase section */
		F1C6664B1A849FD900389838 /* Resources */ = {
			isa = PBXResourcesBuildPhase;
			buildActionMask = 2147483647;
			files = (
				F1C6665F1A849FD900389838 /* Main.storyboard in Resources */,
				F2B0A5EC800668D435484C35 /* Main.storyboard in Resources */,
				F2B0AA179FDB576CDF188DDA /* InfoPlist.strings in Resources */,
				F2B0A168D5EBE2254B22DAAD /* Images.xcassets in Resources */,
				F2B0A6DF46D098D2D6BE8335 /* UserContext.plist in Resources */,
			);
			runOnlyForDeploymentPostprocessing = 0;
		};
		F1C666671A849FD900389838 /* Resources */ = {
			isa = PBXResourcesBuildPhase;
			buildActionMask = 2147483647;
			files = (
			);
			runOnlyForDeploymentPostprocessing = 0;
		};
/* End PBXResourcesBuildPhase section */

/* Begin PBXSourcesBuildPhase section */
		F1C666491A849FD900389838 /* Sources */ = {
			isa = PBXSourcesBuildPhase;
			buildActionMask = 2147483647;
			files = (
				F1C666A01A84A0EA00389838 /* DataSnapProperties.m in Sources */,
				F1C666561A849FD900389838 /* AppDelegate.m in Sources */,
				F1C6669D1A84A0EA00389838 /* DataSnapEventQueue.m in Sources */,
				F1C666531A849FD900389838 /* main.m in Sources */,
				F1C6669E1A84A0EA00389838 /* DataSnapLocation.m in Sources */,
				F1C6669C1A84A0EA00389838 /* DataSnapClient.m in Sources */,
				F1C666981A84A0EA00389838 /* ViewController.m in Sources */,
				F1C6669F1A84A0EA00389838 /* DataSnapRequest.m in Sources */,
				F2B0AE14A21F81BEFBB569D5 /* DataSnapPropertiesSampleData.m in Sources */,
			);
			runOnlyForDeploymentPostprocessing = 0;
		};
		F1C666651A849FD900389838 /* Sources */ = {
			isa = PBXSourcesBuildPhase;
			buildActionMask = 2147483647;
			files = (
				F1C666701A849FD900389838 /* dataSnapSampleTests.m in Sources */,
			);
			runOnlyForDeploymentPostprocessing = 0;
		};
/* End PBXSourcesBuildPhase section */

/* Begin PBXTargetDependency section */
		F1C6666B1A849FD900389838 /* PBXTargetDependency */ = {
			isa = PBXTargetDependency;
			target = F1C6664C1A849FD900389838 /* dataSnapSample */;
			targetProxy = F1C6666A1A849FD900389838 /* PBXContainerItemProxy */;
		};
/* End PBXTargetDependency section */

/* Begin PBXVariantGroup section */
		F1C6665D1A849FD900389838 /* Main.storyboard */ = {
			isa = PBXVariantGroup;
			children = (
				F1C6665E1A849FD900389838 /* Base */,
			);
			name = Main.storyboard;
			sourceTree = "<group>";
		};
		F2B0A9BA8999C7771E91436E /* InfoPlist.strings */ = {
			isa = PBXVariantGroup;
			children = (
				F2B0A4F98179B505F4AC15C1 /* en */,
			);
			name = InfoPlist.strings;
			sourceTree = "<group>";
		};
		F2B0AC1923FC454DED1A394F /* Main.storyboard */ = {
			isa = PBXVariantGroup;
			children = (
				F2B0A0BA9C5EDA6B56FD7F2E /* Base */,
			);
			name = Main.storyboard;
			sourceTree = "<group>";
		};
/* End PBXVariantGroup section */

/* Begin XCBuildConfiguration section */
		F1C666711A849FD900389838 /* Debug */ = {
			isa = XCBuildConfiguration;
			buildSettings = {
				ALWAYS_SEARCH_USER_PATHS = NO;
				CLANG_CXX_LANGUAGE_STANDARD = "gnu++0x";
				CLANG_CXX_LIBRARY = "libc++";
				CLANG_ENABLE_MODULES = YES;
				CLANG_ENABLE_OBJC_ARC = YES;
				CLANG_WARN_BOOL_CONVERSION = YES;
				CLANG_WARN_CONSTANT_CONVERSION = YES;
				CLANG_WARN_DIRECT_OBJC_ISA_USAGE = YES_ERROR;
				CLANG_WARN_EMPTY_BODY = YES;
				CLANG_WARN_ENUM_CONVERSION = YES;
				CLANG_WARN_INT_CONVERSION = YES;
				CLANG_WARN_OBJC_ROOT_CLASS = YES_ERROR;
				CLANG_WARN_UNREACHABLE_CODE = YES;
				CLANG_WARN__DUPLICATE_METHOD_MATCH = YES;
				"CODE_SIGN_IDENTITY[sdk=iphoneos*]" = "iPhone Developer";
				COPY_PHASE_STRIP = NO;
				ENABLE_STRICT_OBJC_MSGSEND = YES;
				GCC_C_LANGUAGE_STANDARD = gnu99;
				GCC_DYNAMIC_NO_PIC = NO;
				GCC_OPTIMIZATION_LEVEL = 0;
				GCC_PREPROCESSOR_DEFINITIONS = (
					"DEBUG=1",
					"$(inherited)",
				);
				GCC_SYMBOLS_PRIVATE_EXTERN = NO;
				GCC_WARN_64_TO_32_BIT_CONVERSION = YES;
				GCC_WARN_ABOUT_RETURN_TYPE = YES_ERROR;
				GCC_WARN_UNDECLARED_SELECTOR = YES;
				GCC_WARN_UNINITIALIZED_AUTOS = YES_AGGRESSIVE;
				GCC_WARN_UNUSED_FUNCTION = YES;
				GCC_WARN_UNUSED_VARIABLE = YES;
				IPHONEOS_DEPLOYMENT_TARGET = 8.1;
				MTL_ENABLE_DEBUG_INFO = YES;
				ONLY_ACTIVE_ARCH = YES;
				SDKROOT = iphoneos;
			};
			name = Debug;
		};
		F1C666721A849FD900389838 /* Release */ = {
			isa = XCBuildConfiguration;
			buildSettings = {
				ALWAYS_SEARCH_USER_PATHS = NO;
				CLANG_CXX_LANGUAGE_STANDARD = "gnu++0x";
				CLANG_CXX_LIBRARY = "libc++";
				CLANG_ENABLE_MODULES = YES;
				CLANG_ENABLE_OBJC_ARC = YES;
				CLANG_WARN_BOOL_CONVERSION = YES;
				CLANG_WARN_CONSTANT_CONVERSION = YES;
				CLANG_WARN_DIRECT_OBJC_ISA_USAGE = YES_ERROR;
				CLANG_WARN_EMPTY_BODY = YES;
				CLANG_WARN_ENUM_CONVERSION = YES;
				CLANG_WARN_INT_CONVERSION = YES;
				CLANG_WARN_OBJC_ROOT_CLASS = YES_ERROR;
				CLANG_WARN_UNREACHABLE_CODE = YES;
				CLANG_WARN__DUPLICATE_METHOD_MATCH = YES;
				"CODE_SIGN_IDENTITY[sdk=iphoneos*]" = "iPhone Developer";
				COPY_PHASE_STRIP = YES;
				ENABLE_NS_ASSERTIONS = NO;
				ENABLE_STRICT_OBJC_MSGSEND = YES;
				GCC_C_LANGUAGE_STANDARD = gnu99;
				GCC_WARN_64_TO_32_BIT_CONVERSION = YES;
				GCC_WARN_ABOUT_RETURN_TYPE = YES_ERROR;
				GCC_WARN_UNDECLARED_SELECTOR = YES;
				GCC_WARN_UNINITIALIZED_AUTOS = YES_AGGRESSIVE;
				GCC_WARN_UNUSED_FUNCTION = YES;
				GCC_WARN_UNUSED_VARIABLE = YES;
				IPHONEOS_DEPLOYMENT_TARGET = 8.1;
				MTL_ENABLE_DEBUG_INFO = NO;
				SDKROOT = iphoneos;
				VALIDATE_PRODUCT = YES;
			};
			name = Release;
		};
		F1C666741A849FD900389838 /* Debug */ = {
			isa = XCBuildConfiguration;
			buildSettings = {
				ASSETCATALOG_COMPILER_APPICON_NAME = AppIcon;
				INFOPLIST_FILE = "$(SRCROOT)/dataSnapSample/dataSnapSample-Info.plist";
				LD_RUNPATH_SEARCH_PATHS = "$(inherited) @executable_path/Frameworks";
				PRODUCT_NAME = "$(TARGET_NAME)";
			};
			name = Debug;
		};
		F1C666751A849FD900389838 /* Release */ = {
			isa = XCBuildConfiguration;
			buildSettings = {
				ASSETCATALOG_COMPILER_APPICON_NAME = AppIcon;
				INFOPLIST_FILE = "$(SRCROOT)/dataSnapSample/dataSnapSample-Info.plist";
				LD_RUNPATH_SEARCH_PATHS = "$(inherited) @executable_path/Frameworks";
				PRODUCT_NAME = "$(TARGET_NAME)";
			};
			name = Release;
		};
		F1C666771A849FD900389838 /* Debug */ = {
			isa = XCBuildConfiguration;
			buildSettings = {
				BUNDLE_LOADER = "$(TEST_HOST)";
				FRAMEWORK_SEARCH_PATHS = (
					"$(SDKROOT)/Developer/Library/Frameworks",
					"$(inherited)",
				);
				GCC_PREPROCESSOR_DEFINITIONS = (
					"DEBUG=1",
					"$(inherited)",
				);
				INFOPLIST_FILE = dataSnapSampleTests/Info.plist;
				LD_RUNPATH_SEARCH_PATHS = "$(inherited) @executable_path/Frameworks @loader_path/Frameworks";
				PRODUCT_NAME = "$(TARGET_NAME)";
				TEST_HOST = "$(BUILT_PRODUCTS_DIR)/dataSnapSample.app/dataSnapSample";
			};
			name = Debug;
		};
		F1C666781A849FD900389838 /* Release */ = {
			isa = XCBuildConfiguration;
			buildSettings = {
				BUNDLE_LOADER = "$(TEST_HOST)";
				FRAMEWORK_SEARCH_PATHS = (
					"$(SDKROOT)/Developer/Library/Frameworks",
					"$(inherited)",
				);
				INFOPLIST_FILE = dataSnapSampleTests/Info.plist;
				LD_RUNPATH_SEARCH_PATHS = "$(inherited) @executable_path/Frameworks @loader_path/Frameworks";
				PRODUCT_NAME = "$(TARGET_NAME)";
				TEST_HOST = "$(BUILT_PRODUCTS_DIR)/dataSnapSample.app/dataSnapSample";
			};
			name = Release;
		};
/* End XCBuildConfiguration section */

/* Begin XCConfigurationList section */
		F1C666481A849FD900389838 /* Build configuration list for PBXProject "dataSnapSample" */ = {
			isa = XCConfigurationList;
			buildConfigurations = (
				F1C666711A849FD900389838 /* Debug */,
				F1C666721A849FD900389838 /* Release */,
			);
			defaultConfigurationIsVisible = 0;
			defaultConfigurationName = Release;
		};
		F1C666731A849FD900389838 /* Build configuration list for PBXNativeTarget "dataSnapSample" */ = {
			isa = XCConfigurationList;
			buildConfigurations = (
				F1C666741A849FD900389838 /* Debug */,
				F1C666751A849FD900389838 /* Release */,
			);
			defaultConfigurationIsVisible = 0;
		};
		F1C666761A849FD900389838 /* Build configuration list for PBXNativeTarget "dataSnapSampleTests" */ = {
			isa = XCConfigurationList;
			buildConfigurations = (
				F1C666771A849FD900389838 /* Debug */,
				F1C666781A849FD900389838 /* Release */,
			);
			defaultConfigurationIsVisible = 0;
		};
/* End XCConfigurationList section */
	};
	rootObject = F1C666451A849FD900389838 /* Project object */;
}
